// !$*UTF8*$!
{
	archiveVersion = 1;
	classes = {
	};
	objectVersion = 50;
	objects = {

/* Begin PBXBuildFile section */
		1C63C10424D9CA14004D01BA /* ViewController2.swift in Sources */ = {isa = PBXBuildFile; fileRef = 1C63C10324D9CA14004D01BA /* ViewController2.swift */; };
		1CE2425424CF9447003CB9B8 /* AppDelegate.swift in Sources */ = {isa = PBXBuildFile; fileRef = 1CE2425324CF9447003CB9B8 /* AppDelegate.swift */; };
		1CE2425624CF9447003CB9B8 /* SceneDelegate.swift in Sources */ = {isa = PBXBuildFile; fileRef = 1CE2425524CF9447003CB9B8 /* SceneDelegate.swift */; };
		1CE2425824CF9447003CB9B8 /* ViewController.swift in Sources */ = {isa = PBXBuildFile; fileRef = 1CE2425724CF9447003CB9B8 /* ViewController.swift */; };
		1CE2425B24CF9447003CB9B8 /* Main.storyboard in Resources */ = {isa = PBXBuildFile; fileRef = 1CE2425924CF9447003CB9B8 /* Main.storyboard */; };
		1CE2425D24CF944B003CB9B8 /* Assets.xcassets in Resources */ = {isa = PBXBuildFile; fileRef = 1CE2425C24CF944B003CB9B8 /* Assets.xcassets */; };
		1CE2426024CF944B003CB9B8 /* LaunchScreen.storyboard in Resources */ = {isa = PBXBuildFile; fileRef = 1CE2425E24CF944B003CB9B8 /* LaunchScreen.storyboard */; };
		1CE2426B24CF944B003CB9B8 /* MyAllergyTests.swift in Sources */ = {isa = PBXBuildFile; fileRef = 1CE2426A24CF944B003CB9B8 /* MyAllergyTests.swift */; };
		1CE2427624CF944B003CB9B8 /* MyAllergyUITests.swift in Sources */ = {isa = PBXBuildFile; fileRef = 1CE2427524CF944B003CB9B8 /* MyAllergyUITests.swift */; };
/* End PBXBuildFile section */

/* Begin PBXContainerItemProxy section */
		1CE2426724CF944B003CB9B8 /* PBXContainerItemProxy */ = {
			isa = PBXContainerItemProxy;
			containerPortal = 1CE2424824CF9447003CB9B8 /* Project object */;
			proxyType = 1;
			remoteGlobalIDString = 1CE2424F24CF9447003CB9B8;
			remoteInfo = MyAllergy;
		};
		1CE2427224CF944B003CB9B8 /* PBXContainerItemProxy */ = {
			isa = PBXContainerItemProxy;
			containerPortal = 1CE2424824CF9447003CB9B8 /* Project object */;
			proxyType = 1;
			remoteGlobalIDString = 1CE2424F24CF9447003CB9B8;
			remoteInfo = MyAllergy;
		};
/* End PBXContainerItemProxy section */

/* Begin PBXFileReference section */
		1C63C10324D9CA14004D01BA /* ViewController2.swift */ = {isa = PBXFileReference; lastKnownFileType = sourcecode.swift; path = ViewController2.swift; sourceTree = "<group>"; };
		1CE2425024CF9447003CB9B8 /* MyAllergy.app */ = {isa = PBXFileReference; explicitFileType = wrapper.application; includeInIndex = 0; path = MyAllergy.app; sourceTree = BUILT_PRODUCTS_DIR; };
		1CE2425324CF9447003CB9B8 /* AppDelegate.swift */ = {isa = PBXFileReference; lastKnownFileType = sourcecode.swift; path = AppDelegate.swift; sourceTree = "<group>"; };
		1CE2425524CF9447003CB9B8 /* SceneDelegate.swift */ = {isa = PBXFileReference; lastKnownFileType = sourcecode.swift; path = SceneDelegate.swift; sourceTree = "<group>"; };
		1CE2425724CF9447003CB9B8 /* ViewController.swift */ = {isa = PBXFileReference; lastKnownFileType = sourcecode.swift; path = ViewController.swift; sourceTree = "<group>"; };
		1CE2425A24CF9447003CB9B8 /* Base */ = {isa = PBXFileReference; lastKnownFileType = file.storyboard; name = Base; path = Base.lproj/Main.storyboard; sourceTree = "<group>"; };
		1CE2425C24CF944B003CB9B8 /* Assets.xcassets */ = {isa = PBXFileReference; lastKnownFileType = folder.assetcatalog; path = Assets.xcassets; sourceTree = "<group>"; };
		1CE2425F24CF944B003CB9B8 /* Base */ = {isa = PBXFileReference; lastKnownFileType = file.storyboard; name = Base; path = Base.lproj/LaunchScreen.storyboard; sourceTree = "<group>"; };
		1CE2426124CF944B003CB9B8 /* Info.plist */ = {isa = PBXFileReference; lastKnownFileType = text.plist.xml; path = Info.plist; sourceTree = "<group>"; };
		1CE2426624CF944B003CB9B8 /* MyAllergyTests.xctest */ = {isa = PBXFileReference; explicitFileType = wrapper.cfbundle; includeInIndex = 0; path = MyAllergyTests.xctest; sourceTree = BUILT_PRODUCTS_DIR; };
		1CE2426A24CF944B003CB9B8 /* MyAllergyTests.swift */ = {isa = PBXFileReference; lastKnownFileType = sourcecode.swift; path = MyAllergyTests.swift; sourceTree = "<group>"; };
		1CE2426C24CF944B003CB9B8 /* Info.plist */ = {isa = PBXFileReference; lastKnownFileType = text.plist.xml; path = Info.plist; sourceTree = "<group>"; };
		1CE2427124CF944B003CB9B8 /* MyAllergyUITests.xctest */ = {isa = PBXFileReference; explicitFileType = wrapper.cfbundle; includeInIndex = 0; path = MyAllergyUITests.xctest; sourceTree = BUILT_PRODUCTS_DIR; };
		1CE2427524CF944B003CB9B8 /* MyAllergyUITests.swift */ = {isa = PBXFileReference; lastKnownFileType = sourcecode.swift; path = MyAllergyUITests.swift; sourceTree = "<group>"; };
		1CE2427724CF944B003CB9B8 /* Info.plist */ = {isa = PBXFileReference; lastKnownFileType = text.plist.xml; path = Info.plist; sourceTree = "<group>"; };
/* End PBXFileReference section */

/* Begin PBXFrameworksBuildPhase section */
		1CE2424D24CF9447003CB9B8 /* Frameworks */ = {
			isa = PBXFrameworksBuildPhase;
			buildActionMask = 2147483647;
			files = (
			);
			runOnlyForDeploymentPostprocessing = 0;
		};
		1CE2426324CF944B003CB9B8 /* Frameworks */ = {
			isa = PBXFrameworksBuildPhase;
			buildActionMask = 2147483647;
			files = (
			);
			runOnlyForDeploymentPostprocessing = 0;
		};
		1CE2426E24CF944B003CB9B8 /* Frameworks */ = {
			isa = PBXFrameworksBuildPhase;
			buildActionMask = 2147483647;
			files = (
			);
			runOnlyForDeploymentPostprocessing = 0;
		};
/* End PBXFrameworksBuildPhase section */

/* Begin PBXGroup section */
		1CE2424724CF9447003CB9B8 = {
			isa = PBXGroup;
			children = (
				1CE2425224CF9447003CB9B8 /* MyAllergy */,
				1CE2426924CF944B003CB9B8 /* MyAllergyTests */,
				1CE2427424CF944B003CB9B8 /* MyAllergyUITests */,
				1CE2425124CF9447003CB9B8 /* Products */,
			);
			sourceTree = "<group>";
		};
		1CE2425124CF9447003CB9B8 /* Products */ = {
			isa = PBXGroup;
			children = (
				1CE2425024CF9447003CB9B8 /* MyAllergy.app */,
				1CE2426624CF944B003CB9B8 /* MyAllergyTests.xctest */,
				1CE2427124CF944B003CB9B8 /* MyAllergyUITests.xctest */,
			);
			name = Products;
			sourceTree = "<group>";
		};
		1CE2425224CF9447003CB9B8 /* MyAllergy */ = {
			isa = PBXGroup;
			children = (
				1CE2425324CF9447003CB9B8 /* AppDelegate.swift */,
				1CE2425524CF9447003CB9B8 /* SceneDelegate.swift */,
				1CE2425724CF9447003CB9B8 /* ViewController.swift */,
				1CE2425924CF9447003CB9B8 /* Main.storyboard */,
				1C63C10324D9CA14004D01BA /* ViewController2.swift */,
				1CE2425C24CF944B003CB9B8 /* Assets.xcassets */,
				1CE2425E24CF944B003CB9B8 /* LaunchScreen.storyboard */,
				1CE2426124CF944B003CB9B8 /* Info.plist */,
			);
			path = MyAllergy;
			sourceTree = "<group>";
		};
		1CE2426924CF944B003CB9B8 /* MyAllergyTests */ = {
			isa = PBXGroup;
			children = (
				1CE2426A24CF944B003CB9B8 /* MyAllergyTests.swift */,
				1CE2426C24CF944B003CB9B8 /* Info.plist */,
			);
			path = MyAllergyTests;
			sourceTree = "<group>";
		};
		1CE2427424CF944B003CB9B8 /* MyAllergyUITests */ = {
			isa = PBXGroup;
			children = (
				1CE2427524CF944B003CB9B8 /* MyAllergyUITests.swift */,
				1CE2427724CF944B003CB9B8 /* Info.plist */,
			);
			path = MyAllergyUITests;
			sourceTree = "<group>";
		};
/* End PBXGroup section */

/* Begin PBXNativeTarget section */
		1CE2424F24CF9447003CB9B8 /* MyAllergy */ = {
			isa = PBXNativeTarget;
			buildConfigurationList = 1CE2427A24CF944B003CB9B8 /* Build configuration list for PBXNativeTarget "MyAllergy" */;
			buildPhases = (
				1CE2424C24CF9447003CB9B8 /* Sources */,
				1CE2424D24CF9447003CB9B8 /* Frameworks */,
				1CE2424E24CF9447003CB9B8 /* Resources */,
			);
			buildRules = (
			);
			dependencies = (
			);
			name = MyAllergy;
			productName = MyAllergy;
			productReference = 1CE2425024CF9447003CB9B8 /* MyAllergy.app */;
			productType = "com.apple.product-type.application";
		};
		1CE2426524CF944B003CB9B8 /* MyAllergyTests */ = {
			isa = PBXNativeTarget;
			buildConfigurationList = 1CE2427D24CF944B003CB9B8 /* Build configuration list for PBXNativeTarget "MyAllergyTests" */;
			buildPhases = (
				1CE2426224CF944B003CB9B8 /* Sources */,
				1CE2426324CF944B003CB9B8 /* Frameworks */,
				1CE2426424CF944B003CB9B8 /* Resources */,
			);
			buildRules = (
			);
			dependencies = (
				1CE2426824CF944B003CB9B8 /* PBXTargetDependency */,
			);
			name = MyAllergyTests;
			productName = MyAllergyTests;
			productReference = 1CE2426624CF944B003CB9B8 /* MyAllergyTests.xctest */;
			productType = "com.apple.product-type.bundle.unit-test";
		};
		1CE2427024CF944B003CB9B8 /* MyAllergyUITests */ = {
			isa = PBXNativeTarget;
			buildConfigurationList = 1CE2428024CF944B003CB9B8 /* Build configuration list for PBXNativeTarget "MyAllergyUITests" */;
			buildPhases = (
				1CE2426D24CF944B003CB9B8 /* Sources */,
				1CE2426E24CF944B003CB9B8 /* Frameworks */,
				1CE2426F24CF944B003CB9B8 /* Resources */,
			);
			buildRules = (
			);
			dependencies = (
				1CE2427324CF944B003CB9B8 /* PBXTargetDependency */,
			);
			name = MyAllergyUITests;
			productName = MyAllergyUITests;
			productReference = 1CE2427124CF944B003CB9B8 /* MyAllergyUITests.xctest */;
			productType = "com.apple.product-type.bundle.ui-testing";
		};
/* End PBXNativeTarget section */

/* Begin PBXProject section */
		1CE2424824CF9447003CB9B8 /* Project object */ = {
			isa = PBXProject;
			attributes = {
				LastSwiftUpdateCheck = 1200;
				LastUpgradeCheck = 1200;
				TargetAttributes = {
					1CE2424F24CF9447003CB9B8 = {
						CreatedOnToolsVersion = 12.0;
					};
					1CE2426524CF944B003CB9B8 = {
						CreatedOnToolsVersion = 12.0;
						TestTargetID = 1CE2424F24CF9447003CB9B8;
					};
					1CE2427024CF944B003CB9B8 = {
						CreatedOnToolsVersion = 12.0;
						TestTargetID = 1CE2424F24CF9447003CB9B8;
					};
				};
			};
			buildConfigurationList = 1CE2424B24CF9447003CB9B8 /* Build configuration list for PBXProject "MyAllergy" */;
			compatibilityVersion = "Xcode 9.3";
			developmentRegion = en;
			hasScannedForEncodings = 0;
			knownRegions = (
				en,
				Base,
			);
			mainGroup = 1CE2424724CF9447003CB9B8;
			productRefGroup = 1CE2425124CF9447003CB9B8 /* Products */;
			projectDirPath = "";
			projectRoot = "";
			targets = (
				1CE2424F24CF9447003CB9B8 /* MyAllergy */,
				1CE2426524CF944B003CB9B8 /* MyAllergyTests */,
				1CE2427024CF944B003CB9B8 /* MyAllergyUITests */,
			);
		};
/* End PBXProject section */

/* Begin PBXResourcesBuildPhase section */
		1CE2424E24CF9447003CB9B8 /* Resources */ = {
			isa = PBXResourcesBuildPhase;
			buildActionMask = 2147483647;
			files = (
				1CE2426024CF944B003CB9B8 /* LaunchScreen.storyboard in Resources */,
				1CE2425D24CF944B003CB9B8 /* Assets.xcassets in Resources */,
				1CE2425B24CF9447003CB9B8 /* Main.storyboard in Resources */,
			);
			runOnlyForDeploymentPostprocessing = 0;
		};
		1CE2426424CF944B003CB9B8 /* Resources */ = {
			isa = PBXResourcesBuildPhase;
			buildActionMask = 2147483647;
			files = (
			);
			runOnlyForDeploymentPostprocessing = 0;
		};
		1CE2426F24CF944B003CB9B8 /* Resources */ = {
			isa = PBXResourcesBuildPhase;
			buildActionMask = 2147483647;
			files = (
			);
			runOnlyForDeploymentPostprocessing = 0;
		};
/* End PBXResourcesBuildPhase section */

/* Begin PBXSourcesBuildPhase section */
		1CE2424C24CF9447003CB9B8 /* Sources */ = {
			isa = PBXSourcesBuildPhase;
			buildActionMask = 2147483647;
			files = (
				1CE2425824CF9447003CB9B8 /* ViewController.swift in Sources */,
				1C63C10424D9CA14004D01BA /* ViewController2.swift in Sources */,
				1CE2425424CF9447003CB9B8 /* AppDelegate.swift in Sources */,
				1CE2425624CF9447003CB9B8 /* SceneDelegate.swift in Sources */,
			);
			runOnlyForDeploymentPostprocessing = 0;
		};
		1CE2426224CF944B003CB9B8 /* Sources */ = {
			isa = PBXSourcesBuildPhase;
			buildActionMask = 2147483647;
			files = (
				1CE2426B24CF944B003CB9B8 /* MyAllergyTests.swift in Sources */,
			);
			runOnlyForDeploymentPostprocessing = 0;
		};
		1CE2426D24CF944B003CB9B8 /* Sources */ = {
			isa = PBXSourcesBuildPhase;
			buildActionMask = 2147483647;
			files = (
				1CE2427624CF944B003CB9B8 /* MyAllergyUITests.swift in Sources */,
			);
			runOnlyForDeploymentPostprocessing = 0;
		};
/* End PBXSourcesBuildPhase section */

/* Begin PBXTargetDependency section */
		1CE2426824CF944B003CB9B8 /* PBXTargetDependency */ = {
			isa = PBXTargetDependency;
			target = 1CE2424F24CF9447003CB9B8 /* MyAllergy */;
			targetProxy = 1CE2426724CF944B003CB9B8 /* PBXContainerItemProxy */;
		};
		1CE2427324CF944B003CB9B8 /* PBXTargetDependency */ = {
			isa = PBXTargetDependency;
			target = 1CE2424F24CF9447003CB9B8 /* MyAllergy */;
			targetProxy = 1CE2427224CF944B003CB9B8 /* PBXContainerItemProxy */;
		};
/* End PBXTargetDependency section */

/* Begin PBXVariantGroup section */
		1CE2425924CF9447003CB9B8 /* Main.storyboard */ = {
			isa = PBXVariantGroup;
			children = (
				1CE2425A24CF9447003CB9B8 /* Base */,
			);
			name = Main.storyboard;
			sourceTree = "<group>";
		};
		1CE2425E24CF944B003CB9B8 /* LaunchScreen.storyboard */ = {
			isa = PBXVariantGroup;
			children = (
				1CE2425F24CF944B003CB9B8 /* Base */,
			);
			name = LaunchScreen.storyboard;
			sourceTree = "<group>";
		};
/* End PBXVariantGroup section */

/* Begin XCBuildConfiguration section */
		1CE2427824CF944B003CB9B8 /* Debug */ = {
			isa = XCBuildConfiguration;
			buildSettings = {
				ALWAYS_SEARCH_USER_PATHS = NO;
				CLANG_ANALYZER_NONNULL = YES;
				CLANG_ANALYZER_NUMBER_OBJECT_CONVERSION = YES_AGGRESSIVE;
				CLANG_CXX_LANGUAGE_STANDARD = "gnu++14";
				CLANG_CXX_LIBRARY = "libc++";
				CLANG_ENABLE_MODULES = YES;
				CLANG_ENABLE_OBJC_ARC = YES;
				CLANG_ENABLE_OBJC_WEAK = YES;
				CLANG_WARN_BLOCK_CAPTURE_AUTORELEASING = YES;
				CLANG_WARN_BOOL_CONVERSION = YES;
				CLANG_WARN_COMMA = YES;
				CLANG_WARN_CONSTANT_CONVERSION = YES;
				CLANG_WARN_DEPRECATED_OBJC_IMPLEMENTATIONS = YES;
				CLANG_WARN_DIRECT_OBJC_ISA_USAGE = YES_ERROR;
				CLANG_WARN_DOCUMENTATION_COMMENTS = YES;
				CLANG_WARN_EMPTY_BODY = YES;
				CLANG_WARN_ENUM_CONVERSION = YES;
				CLANG_WARN_INFINITE_RECURSION = YES;
				CLANG_WARN_INT_CONVERSION = YES;
				CLANG_WARN_NON_LITERAL_NULL_CONVERSION = YES;
				CLANG_WARN_OBJC_IMPLICIT_RETAIN_SELF = YES;
				CLANG_WARN_OBJC_LITERAL_CONVERSION = YES;
				CLANG_WARN_OBJC_ROOT_CLASS = YES_ERROR;
				CLANG_WARN_QUOTED_INCLUDE_IN_FRAMEWORK_HEADER = YES;
				CLANG_WARN_RANGE_LOOP_ANALYSIS = YES;
				CLANG_WARN_STRICT_PROTOTYPES = YES;
				CLANG_WARN_SUSPICIOUS_MOVE = YES;
				CLANG_WARN_UNGUARDED_AVAILABILITY = YES_AGGRESSIVE;
				CLANG_WARN_UNREACHABLE_CODE = YES;
				CLANG_WARN__DUPLICATE_METHOD_MATCH = YES;
				COPY_PHASE_STRIP = NO;
				DEBUG_INFORMATION_FORMAT = dwarf;
				ENABLE_STRICT_OBJC_MSGSEND = YES;
				ENABLE_TESTABILITY = YES;
				GCC_C_LANGUAGE_STANDARD = gnu11;
				GCC_DYNAMIC_NO_PIC = NO;
				GCC_NO_COMMON_BLOCKS = YES;
				GCC_OPTIMIZATION_LEVEL = 0;
				GCC_PREPROCESSOR_DEFINITIONS = (
					"DEBUG=1",
					"$(inherited)",
				);
				GCC_WARN_64_TO_32_BIT_CONVERSION = YES;
				GCC_WARN_ABOUT_RETURN_TYPE = YES_ERROR;
				GCC_WARN_UNDECLARED_SELECTOR = YES;
				GCC_WARN_UNINITIALIZED_AUTOS = YES_AGGRESSIVE;
				GCC_WARN_UNUSED_FUNCTION = YES;
				GCC_WARN_UNUSED_VARIABLE = YES;
				IPHONEOS_DEPLOYMENT_TARGET = 14.0;
				MTL_ENABLE_DEBUG_INFO = INCLUDE_SOURCE;
				MTL_FAST_MATH = YES;
				ONLY_ACTIVE_ARCH = YES;
				SDKROOT = iphoneos;
				SWIFT_ACTIVE_COMPILATION_CONDITIONS = DEBUG;
				SWIFT_OPTIMIZATION_LEVEL = "-Onone";
			};
			name = Debug;
		};
		1CE2427924CF944B003CB9B8 /* Release */ = {
			isa = XCBuildConfiguration;
			buildSettings = {
				ALWAYS_SEARCH_USER_PATHS = NO;
				CLANG_ANALYZER_NONNULL = YES;
				CLANG_ANALYZER_NUMBER_OBJECT_CONVERSION = YES_AGGRESSIVE;
				CLANG_CXX_LANGUAGE_STANDARD = "gnu++14";
				CLANG_CXX_LIBRARY = "libc++";
				CLANG_ENABLE_MODULES = YES;
				CLANG_ENABLE_OBJC_ARC = YES;
				CLANG_ENABLE_OBJC_WEAK = YES;
				CLANG_WARN_BLOCK_CAPTURE_AUTORELEASING = YES;
				CLANG_WARN_BOOL_CONVERSION = YES;
				CLANG_WARN_COMMA = YES;
				CLANG_WARN_CONSTANT_CONVERSION = YES;
				CLANG_WARN_DEPRECATED_OBJC_IMPLEMENTATIONS = YES;
				CLANG_WARN_DIRECT_OBJC_ISA_USAGE = YES_ERROR;
				CLANG_WARN_DOCUMENTATION_COMMENTS = YES;
				CLANG_WARN_EMPTY_BODY = YES;
				CLANG_WARN_ENUM_CONVERSION = YES;
				CLANG_WARN_INFINITE_RECURSION = YES;
				CLANG_WARN_INT_CONVERSION = YES;
				CLANG_WARN_NON_LITERAL_NULL_CONVERSION = YES;
				CLANG_WARN_OBJC_IMPLICIT_RETAIN_SELF = YES;
				CLANG_WARN_OBJC_LITERAL_CONVERSION = YES;
				CLANG_WARN_OBJC_ROOT_CLASS = YES_ERROR;
				CLANG_WARN_QUOTED_INCLUDE_IN_FRAMEWORK_HEADER = YES;
				CLANG_WARN_RANGE_LOOP_ANALYSIS = YES;
				CLANG_WARN_STRICT_PROTOTYPES = YES;
				CLANG_WARN_SUSPICIOUS_MOVE = YES;
				CLANG_WARN_UNGUARDED_AVAILABILITY = YES_AGGRESSIVE;
				CLANG_WARN_UNREACHABLE_CODE = YES;
				CLANG_WARN__DUPLICATE_METHOD_MATCH = YES;
				COPY_PHASE_STRIP = NO;
				DEBUG_INFORMATION_FORMAT = "dwarf-with-dsym";
				ENABLE_NS_ASSERTIONS = NO;
				ENABLE_STRICT_OBJC_MSGSEND = YES;
				GCC_C_LANGUAGE_STANDARD = gnu11;
				GCC_NO_COMMON_BLOCKS = YES;
				GCC_WARN_64_TO_32_BIT_CONVERSION = YES;
				GCC_WARN_ABOUT_RETURN_TYPE = YES_ERROR;
				GCC_WARN_UNDECLARED_SELECTOR = YES;
				GCC_WARN_UNINITIALIZED_AUTOS = YES_AGGRESSIVE;
				GCC_WARN_UNUSED_FUNCTION = YES;
				GCC_WARN_UNUSED_VARIABLE = YES;
				IPHONEOS_DEPLOYMENT_TARGET = 14.0;
				MTL_ENABLE_DEBUG_INFO = NO;
				MTL_FAST_MATH = YES;
				SDKROOT = iphoneos;
				SWIFT_COMPILATION_MODE = wholemodule;
				SWIFT_OPTIMIZATION_LEVEL = "-O";
				VALIDATE_PRODUCT = YES;
			};
			name = Release;
		};
		1CE2427B24CF944B003CB9B8 /* Debug */ = {
			isa = XCBuildConfiguration;
			buildSettings = {
				ASSETCATALOG_COMPILER_APPICON_NAME = AppIcon;
				ASSETCATALOG_COMPILER_GLOBAL_ACCENT_COLOR_NAME = AccentColor;
				CODE_SIGN_STYLE = Automatic;
				DEVELOPMENT_TEAM = J2H2KVDP3L;
				INFOPLIST_FILE = MyAllergy/Info.plist;
				IPHONEOS_DEPLOYMENT_TARGET = 13.4;
				LD_RUNPATH_SEARCH_PATHS = (
					"$(inherited)",
					"@executable_path/Frameworks",
				);
				PRODUCT_BUNDLE_IDENTIFIER = AllergyDiagnosisForAll.MyAllergy;
				PRODUCT_NAME = "$(TARGET_NAME)";
				SWIFT_VERSION = 5.0;
				TARGETED_DEVICE_FAMILY = "1,2";
			};
			name = Debug;
		};
		1CE2427C24CF944B003CB9B8 /* Release */ = {
			isa = XCBuildConfiguration;
			buildSettings = {
				ASSETCATALOG_COMPILER_APPICON_NAME = AppIcon;
				ASSETCATALOG_COMPILER_GLOBAL_ACCENT_COLOR_NAME = AccentColor;
				CODE_SIGN_STYLE = Automatic;
				DEVELOPMENT_TEAM = J2H2KVDP3L;
				INFOPLIST_FILE = MyAllergy/Info.plist;
				IPHONEOS_DEPLOYMENT_TARGET = 13.4;
				LD_RUNPATH_SEARCH_PATHS = (
					"$(inherited)",
					"@executable_path/Frameworks",
				);
				PRODUCT_BUNDLE_IDENTIFIER = AllergyDiagnosisForAll.MyAllergy;
				PRODUCT_NAME = "$(TARGET_NAME)";
				SWIFT_VERSION = 5.0;
				TARGETED_DEVICE_FAMILY = "1,2";
			};
			name = Release;
		};
		1CE2427E24CF944B003CB9B8 /* Debug */ = {
			isa = XCBuildConfiguration;
			buildSettings = {
				ALWAYS_EMBED_SWIFT_STANDARD_LIBRARIES = YES;
				BUNDLE_LOADER = "$(TEST_HOST)";
				CODE_SIGN_STYLE = Automatic;
				DEVELOPMENT_TEAM = J2H2KVDP3L;
				INFOPLIST_FILE = MyAllergyTests/Info.plist;
				IPHONEOS_DEPLOYMENT_TARGET = 13.6;
				LD_RUNPATH_SEARCH_PATHS = (
					"$(inherited)",
					"@executable_path/Frameworks",
					"@loader_path/Frameworks",
				);
				PRODUCT_BUNDLE_IDENTIFIER = AllergyDiagnosisForAll.MyAllergyTests;
				PRODUCT_NAME = "$(TARGET_NAME)";
				SWIFT_VERSION = 5.0;
				TARGETED_DEVICE_FAMILY = "1,2";
				TEST_HOST = "$(BUILT_PRODUCTS_DIR)/MyAllergy.app/MyAllergy";
			};
			name = Debug;
		};
		1CE2427F24CF944B003CB9B8 /* Release */ = {
			isa = XCBuildConfiguration;
			buildSettings = {
				ALWAYS_EMBED_SWIFT_STANDARD_LIBRARIES = YES;
				BUNDLE_LOADER = "$(TEST_HOST)";
				CODE_SIGN_STYLE = Automatic;
				DEVELOPMENT_TEAM = J2H2KVDP3L;
				INFOPLIST_FILE = MyAllergyTests/Info.plist;
				IPHONEOS_DEPLOYMENT_TARGET = 13.6;
				LD_RUNPATH_SEARCH_PATHS = (
					"$(inherited)",
					"@executable_path/Frameworks",
					"@loader_path/Frameworks",
				);
				PRODUCT_BUNDLE_IDENTIFIER = AllergyDiagnosisForAll.MyAllergyTests;
				PRODUCT_NAME = "$(TARGET_NAME)";
				SWIFT_VERSION = 5.0;
				TARGETED_DEVICE_FAMILY = "1,2";
				TEST_HOST = "$(BUILT_PRODUCTS_DIR)/MyAllergy.app/MyAllergy";
			};
			name = Release;
		};
		1CE2428124CF944B003CB9B8 /* Debug */ = {
			isa = XCBuildConfiguration;
			buildSettings = {
				ALWAYS_EMBED_SWIFT_STANDARD_LIBRARIES = YES;
				CODE_SIGN_STYLE = Automatic;
				DEVELOPMENT_TEAM = J2H2KVDP3L;
				INFOPLIST_FILE = MyAllergyUITests/Info.plist;
				IPHONEOS_DEPLOYMENT_TARGET = 13.6;
				LD_RUNPATH_SEARCH_PATHS = (
					"$(inherited)",
					"@executable_path/Frameworks",
					"@loader_path/Frameworks",
				);
				PRODUCT_BUNDLE_IDENTIFIER = AllergyDiagnosisForAll.MyAllergyUITests;
				PRODUCT_NAME = "$(TARGET_NAME)";
				SWIFT_VERSION = 5.0;
				TARGETED_DEVICE_FAMILY = "1,2";
				TEST_TARGET_NAME = MyAllergy;
			};
			name = Debug;
		};
		1CE2428224CF944B003CB9B8 /* Release */ = {
			isa = XCBuildConfiguration;
			buildSettings = {
				ALWAYS_EMBED_SWIFT_STANDARD_LIBRARIES = YES;
				CODE_SIGN_STYLE = Automatic;
				DEVELOPMENT_TEAM = J2H2KVDP3L;
				INFOPLIST_FILE = MyAllergyUITests/Info.plist;
				IPHONEOS_DEPLOYMENT_TARGET = 13.6;
				LD_RUNPATH_SEARCH_PATHS = (
					"$(inherited)",
					"@executable_path/Frameworks",
					"@loader_path/Frameworks",
				);
				PRODUCT_BUNDLE_IDENTIFIER = AllergyDiagnosisForAll.MyAllergyUITests;
				PRODUCT_NAME = "$(TARGET_NAME)";
				SWIFT_VERSION = 5.0;
				TARGETED_DEVICE_FAMILY = "1,2";
				TEST_TARGET_NAME = MyAllergy;
			};
			name = Release;
		};
/* End XCBuildConfiguration section */

/* Begin XCConfigurationList section */
		1CE2424B24CF9447003CB9B8 /* Build configuration list for PBXProject "MyAllergy" */ = {
			isa = XCConfigurationList;
			buildConfigurations = (
				1CE2427824CF944B003CB9B8 /* Debug */,
				1CE2427924CF944B003CB9B8 /* Release */,
			);
			defaultConfigurationIsVisible = 0;
			defaultConfigurationName = Release;
		};
		1CE2427A24CF944B003CB9B8 /* Build configuration list for PBXNativeTarget "MyAllergy" */ = {
			isa = XCConfigurationList;
			buildConfigurations = (
				1CE2427B24CF944B003CB9B8 /* Debug */,
				1CE2427C24CF944B003CB9B8 /* Release */,
			);
			defaultConfigurationIsVisible = 0;
			defaultConfigurationName = Release;
		};
		1CE2427D24CF944B003CB9B8 /* Build configuration list for PBXNativeTarget "MyAllergyTests" */ = {
			isa = XCConfigurationList;
			buildConfigurations = (
				1CE2427E24CF944B003CB9B8 /* Debug */,
				1CE2427F24CF944B003CB9B8 /* Release */,
			);
			defaultConfigurationIsVisible = 0;
			defaultConfigurationName = Release;
		};
		1CE2428024CF944B003CB9B8 /* Build configuration list for PBXNativeTarget "MyAllergyUITests" */ = {
			isa = XCConfigurationList;
			buildConfigurations = (
				1CE2428124CF944B003CB9B8 /* Debug */,
				1CE2428224CF944B003CB9B8 /* Release */,
			);
			defaultConfigurationIsVisible = 0;
			defaultConfigurationName = Release;
		};
/* End XCConfigurationList section */
	};
	rootObject = 1CE2424824CF9447003CB9B8 /* Project object */;
}
